
Microsoft Visual Studio Solution File, Format Version 12.00
# Visual Studio Version 17
VisualStudioVersion = 17.13.35825.156
MinimumVisualStudioVersion = 10.0.40219.1
Project("{FAE04EC0-301F-11D3-BF4B-00C04F79EFBC}") = "TeduBlog.Api", "src\TeduBlog.Api\TeduBlog.Api.csproj", "{BF08EDDD-9843-48CE-9CA6-B20FFF0662C7}"
EndProject
Project("{FAE04EC0-301F-11D3-BF4B-00C04F79EFBC}") = "TeduBlog.Core", "src\TeduBlog.Core\TeduBlog.Core.csproj", "{AB7C5F79-9C9E-4E06-B945-844202B49833}"
EndProject
Project("{FAE04EC0-301F-11D3-BF4B-00C04F79EFBC}") = "TeduBlog.Data", "src\TeduBlog.Data\TeduBlog.Data.csproj", "{ADA0F322-9B13-4B09-A76A-5E62E666A4E4}"
EndProject
Project("{FAE04EC0-301F-11D3-BF4B-00C04F79EFBC}") = "TeduBlog.WebApp", "src\TeduBlog.WebApp\TeduBlog.WebApp.csproj", "{562FA38B-F57A-4AFA-861B-B4B6E69D32BB}"
EndProject
Global
	GlobalSection(SolutionConfigurationPlatforms) = preSolution
		Debug|Any CPU = Debug|Any CPU
		Release|Any CPU = Release|Any CPU
	EndGlobalSection
	GlobalSection(ProjectConfigurationPlatforms) = postSolution
		{BF08EDDD-9843-48CE-9CA6-B20FFF0662C7}.Debug|Any CPU.ActiveCfg = Debug|Any CPU
		{BF08EDDD-9843-48CE-9CA6-B20FFF0662C7}.Debug|Any CPU.Build.0 = Debug|Any CPU
		{BF08EDDD-9843-48CE-9CA6-B20FFF0662C7}.Release|Any CPU.ActiveCfg = Release|Any CPU
		{BF08EDDD-9843-48CE-9CA6-B20FFF0662C7}.Release|Any CPU.Build.0 = Release|Any CPU
		{AB7C5F79-9C9E-4E06-B945-844202B49833}.Debug|Any CPU.ActiveCfg = Debug|Any CPU
		{AB7C5F79-9C9E-4E06-B945-844202B49833}.Debug|Any CPU.Build.0 = Debug|Any CPU
		{AB7C5F79-9C9E-4E06-B945-844202B49833}.Release|Any CPU.ActiveCfg = Release|Any CPU
		{AB7C5F79-9C9E-4E06-B945-844202B49833}.Release|Any CPU.Build.0 = Release|Any CPU
		{ADA0F322-9B13-4B09-A76A-5E62E666A4E4}.Debug|Any CPU.ActiveCfg = Debug|Any CPU
		{ADA0F322-9B13-4B09-A76A-5E62E666A4E4}.Debug|Any CPU.Build.0 = Debug|Any CPU
		{ADA0F322-9B13-4B09-A76A-5E62E666A4E4}.Release|Any CPU.ActiveCfg = Release|Any CPU
		{ADA0F322-9B13-4B09-A76A-5E62E666A4E4}.Release|Any CPU.Build.0 = Release|Any CPU
		{562FA38B-F57A-4AFA-861B-B4B6E69D32BB}.Debug|Any CPU.ActiveCfg = Debug|Any CPU
		{562FA38B-F57A-4AFA-861B-B4B6E69D32BB}.Debug|Any CPU.Build.0 = Debug|Any CPU
		{562FA38B-F57A-4AFA-861B-B4B6E69D32BB}.Release|Any CPU.ActiveCfg = Release|Any CPU
		{562FA38B-F57A-4AFA-861B-B4B6E69D32BB}.Release|Any CPU.Build.0 = Release|Any CPU
	EndGlobalSection
	GlobalSection(SolutionProperties) = preSolution
		HideSolutionNode = FALSE
	EndGlobalSection
	GlobalSection(ExtensibilityGlobals) = postSolution
		SolutionGuid = {809477EA-3A65-4F8D-8EC9-09641C666CC5}
	EndGlobalSection
EndGlobal
